// !$*UTF8*$!
{
	archiveVersion = 1;
	classes = {
	};
	objectVersion = 56;
	objects = {

/* Begin PBXBuildFile section */
		6174F6252BB5FBDD005EB752 /* mochillaApp.swift in Sources */ = {isa = PBXBuildFile; fileRef = 6174F6242BB5FBDD005EB752 /* mochillaApp.swift */; };
		6174F6292BB5FBE0005EB752 /* Assets.xcassets in Resources */ = {isa = PBXBuildFile; fileRef = 6174F6282BB5FBE0005EB752 /* Assets.xcassets */; };
		6174F62C2BB5FBE0005EB752 /* Preview Assets.xcassets in Resources */ = {isa = PBXBuildFile; fileRef = 6174F62B2BB5FBE0005EB752 /* Preview Assets.xcassets */; };
		6174F6362BB5FBE0005EB752 /* mochillaTests.swift in Sources */ = {isa = PBXBuildFile; fileRef = 6174F6352BB5FBE0005EB752 /* mochillaTests.swift */; };
		6174F6402BB5FBE0005EB752 /* mochillaUITests.swift in Sources */ = {isa = PBXBuildFile; fileRef = 6174F63F2BB5FBE0005EB752 /* mochillaUITests.swift */; };
		6174F6422BB5FBE0005EB752 /* mochillaUITestsLaunchTests.swift in Sources */ = {isa = PBXBuildFile; fileRef = 6174F6412BB5FBE0005EB752 /* mochillaUITestsLaunchTests.swift */; };
		6174F6522BB5FD53005EB752 /* FirebaseAnalytics in Frameworks */ = {isa = PBXBuildFile; productRef = 6174F6512BB5FD53005EB752 /* FirebaseAnalytics */; };
		6174F6542BB5FD53005EB752 /* FirebaseAnalyticsSwift in Frameworks */ = {isa = PBXBuildFile; productRef = 6174F6532BB5FD53005EB752 /* FirebaseAnalyticsSwift */; };
		6174F6562BB600A8005EB752 /* GoogleService-Info.plist in Resources */ = {isa = PBXBuildFile; fileRef = 6174F6552BB600A8005EB752 /* GoogleService-Info.plist */; };
		6174F6592BB602F1005EB752 /* FirebaseAuth in Frameworks */ = {isa = PBXBuildFile; productRef = 6174F6582BB602F1005EB752 /* FirebaseAuth */; };
		6174F65C2BB6036C005EB752 /* AuthenticationView.swift in Sources */ = {isa = PBXBuildFile; fileRef = 6174F65B2BB6036C005EB752 /* AuthenticationView.swift */; };
		6174F65E2BB604C4005EB752 /* SignInEmailView.swift in Sources */ = {isa = PBXBuildFile; fileRef = 6174F65D2BB604C4005EB752 /* SignInEmailView.swift */; };
		6174F6602BB6073C005EB752 /* AuthenticationManager.swift in Sources */ = {isa = PBXBuildFile; fileRef = 6174F65F2BB6073C005EB752 /* AuthenticationManager.swift */; };
		6174F6622BB60EE3005EB752 /* RootView.swift in Sources */ = {isa = PBXBuildFile; fileRef = 6174F6612BB60EE3005EB752 /* RootView.swift */; };
		6174F6662BB62568005EB752 /* FirebaseFirestore in Frameworks */ = {isa = PBXBuildFile; productRef = 6174F6652BB62568005EB752 /* FirebaseFirestore */; };
		6174F6682BB62568005EB752 /* FirebaseFirestoreSwift in Frameworks */ = {isa = PBXBuildFile; productRef = 6174F6672BB62568005EB752 /* FirebaseFirestoreSwift */; };
		6174F66C2BB626CE005EB752 /* SettingsViewModel.swift in Sources */ = {isa = PBXBuildFile; fileRef = 6174F66B2BB626CE005EB752 /* SettingsViewModel.swift */; };
		6174F6702BB627C1005EB752 /* SignInEmailViewModel.swift in Sources */ = {isa = PBXBuildFile; fileRef = 6174F66F2BB627C1005EB752 /* SignInEmailViewModel.swift */; };
		6174F6732BB627FC005EB752 /* ProfileView.swift in Sources */ = {isa = PBXBuildFile; fileRef = 6174F6722BB627FB005EB752 /* ProfileView.swift */; };
		619C40FA2BB62BA6005A89D5 /* SettingsView.swift in Sources */ = {isa = PBXBuildFile; fileRef = 619C40F92BB62BA6005A89D5 /* SettingsView.swift */; };
		619C40FC2BB62EC6005A89D5 /* AuthenticationViewModel.swift in Sources */ = {isa = PBXBuildFile; fileRef = 619C40FB2BB62EC6005A89D5 /* AuthenticationViewModel.swift */; };
		619C40FF2BB63212005A89D5 /* UserManager.swift in Sources */ = {isa = PBXBuildFile; fileRef = 619C40FE2BB63212005A89D5 /* UserManager.swift */; };
		619C41022BB63F36005A89D5 /* NeighborsModel.swift in Sources */ = {isa = PBXBuildFile; fileRef = 619C41012BB63F36005A89D5 /* NeighborsModel.swift */; };
		619C414B2BB741EB005A89D5 /* CourseLoader.swift in Sources */ = {isa = PBXBuildFile; fileRef = 619C414A2BB741EB005A89D5 /* CourseLoader.swift */; };
		619C414D2BB74200005A89D5 /* APIClient.swift in Sources */ = {isa = PBXBuildFile; fileRef = 619C414C2BB74200005A89D5 /* APIClient.swift */; };
		619C414F2BB74217005A89D5 /* CourseAPIClient.swift in Sources */ = {isa = PBXBuildFile; fileRef = 619C414E2BB74217005A89D5 /* CourseAPIClient.swift */; };
		619C41512BB7422E005A89D5 /* CoursesEndpoint.swift in Sources */ = {isa = PBXBuildFile; fileRef = 619C41502BB7422E005A89D5 /* CoursesEndpoint.swift */; };
		619C41532BB7423F005A89D5 /* Call.swift in Sources */ = {isa = PBXBuildFile; fileRef = 619C41522BB7423F005A89D5 /* Call.swift */; };
		619C41552BB74343005A89D5 /* APIError.swift in Sources */ = {isa = PBXBuildFile; fileRef = 619C41542BB74343005A89D5 /* APIError.swift */; };
		619C41572BB744E8005A89D5 /* CourseView.swift in Sources */ = {isa = PBXBuildFile; fileRef = 619C41562BB744E7005A89D5 /* CourseView.swift */; };
		619C415A2BB7602A005A89D5 /* SearchCourseView.swift in Sources */ = {isa = PBXBuildFile; fileRef = 619C41592BB7602A005A89D5 /* SearchCourseView.swift */; };
		619C415C2BB760C8005A89D5 /* SearchCourseViewModel.swift in Sources */ = {isa = PBXBuildFile; fileRef = 619C415B2BB760C8005A89D5 /* SearchCourseViewModel.swift */; };
/* End PBXBuildFile section */

/* Begin PBXContainerItemProxy section */
		6174F6322BB5FBE0005EB752 /* PBXContainerItemProxy */ = {
			isa = PBXContainerItemProxy;
			containerPortal = 6174F6192BB5FBDD005EB752 /* Project object */;
			proxyType = 1;
			remoteGlobalIDString = 6174F6202BB5FBDD005EB752;
			remoteInfo = mochilla;
		};
		6174F63C2BB5FBE0005EB752 /* PBXContainerItemProxy */ = {
			isa = PBXContainerItemProxy;
			containerPortal = 6174F6192BB5FBDD005EB752 /* Project object */;
			proxyType = 1;
			remoteGlobalIDString = 6174F6202BB5FBDD005EB752;
			remoteInfo = mochilla;
		};
/* End PBXContainerItemProxy section */

/* Begin PBXFileReference section */
		6174F6212BB5FBDD005EB752 /* mochilla.app */ = {isa = PBXFileReference; explicitFileType = wrapper.application; includeInIndex = 0; path = mochilla.app; sourceTree = BUILT_PRODUCTS_DIR; };
		6174F6242BB5FBDD005EB752 /* mochillaApp.swift */ = {isa = PBXFileReference; lastKnownFileType = sourcecode.swift; path = mochillaApp.swift; sourceTree = "<group>"; };
		6174F6282BB5FBE0005EB752 /* Assets.xcassets */ = {isa = PBXFileReference; lastKnownFileType = folder.assetcatalog; path = Assets.xcassets; sourceTree = "<group>"; };
		6174F62B2BB5FBE0005EB752 /* Preview Assets.xcassets */ = {isa = PBXFileReference; lastKnownFileType = folder.assetcatalog; path = "Preview Assets.xcassets"; sourceTree = "<group>"; };
		6174F6312BB5FBE0005EB752 /* mochillaTests.xctest */ = {isa = PBXFileReference; explicitFileType = wrapper.cfbundle; includeInIndex = 0; path = mochillaTests.xctest; sourceTree = BUILT_PRODUCTS_DIR; };
		6174F6352BB5FBE0005EB752 /* mochillaTests.swift */ = {isa = PBXFileReference; lastKnownFileType = sourcecode.swift; path = mochillaTests.swift; sourceTree = "<group>"; };
		6174F63B2BB5FBE0005EB752 /* mochillaUITests.xctest */ = {isa = PBXFileReference; explicitFileType = wrapper.cfbundle; includeInIndex = 0; path = mochillaUITests.xctest; sourceTree = BUILT_PRODUCTS_DIR; };
		6174F63F2BB5FBE0005EB752 /* mochillaUITests.swift */ = {isa = PBXFileReference; lastKnownFileType = sourcecode.swift; path = mochillaUITests.swift; sourceTree = "<group>"; };
		6174F6412BB5FBE0005EB752 /* mochillaUITestsLaunchTests.swift */ = {isa = PBXFileReference; lastKnownFileType = sourcecode.swift; path = mochillaUITestsLaunchTests.swift; sourceTree = "<group>"; };
		6174F6552BB600A8005EB752 /* GoogleService-Info.plist */ = {isa = PBXFileReference; fileEncoding = 4; lastKnownFileType = text.plist.xml; path = "GoogleService-Info.plist"; sourceTree = "<group>"; };
		6174F65B2BB6036C005EB752 /* AuthenticationView.swift */ = {isa = PBXFileReference; lastKnownFileType = sourcecode.swift; path = AuthenticationView.swift; sourceTree = "<group>"; };
		6174F65D2BB604C4005EB752 /* SignInEmailView.swift */ = {isa = PBXFileReference; lastKnownFileType = sourcecode.swift; path = SignInEmailView.swift; sourceTree = "<group>"; };
		6174F65F2BB6073C005EB752 /* AuthenticationManager.swift */ = {isa = PBXFileReference; lastKnownFileType = sourcecode.swift; path = AuthenticationManager.swift; sourceTree = "<group>"; };
		6174F6612BB60EE3005EB752 /* RootView.swift */ = {isa = PBXFileReference; lastKnownFileType = sourcecode.swift; path = RootView.swift; sourceTree = "<group>"; };
		6174F66B2BB626CE005EB752 /* SettingsViewModel.swift */ = {isa = PBXFileReference; lastKnownFileType = sourcecode.swift; path = SettingsViewModel.swift; sourceTree = "<group>"; };
		6174F66F2BB627C1005EB752 /* SignInEmailViewModel.swift */ = {isa = PBXFileReference; lastKnownFileType = sourcecode.swift; path = SignInEmailViewModel.swift; sourceTree = "<group>"; };
		6174F6722BB627FB005EB752 /* ProfileView.swift */ = {isa = PBXFileReference; lastKnownFileType = sourcecode.swift; path = ProfileView.swift; sourceTree = "<group>"; };
		619C40F92BB62BA6005A89D5 /* SettingsView.swift */ = {isa = PBXFileReference; lastKnownFileType = sourcecode.swift; path = SettingsView.swift; sourceTree = "<group>"; };
		619C40FB2BB62EC6005A89D5 /* AuthenticationViewModel.swift */ = {isa = PBXFileReference; lastKnownFileType = sourcecode.swift; path = AuthenticationViewModel.swift; sourceTree = "<group>"; };
		619C40FE2BB63212005A89D5 /* UserManager.swift */ = {isa = PBXFileReference; lastKnownFileType = sourcecode.swift; path = UserManager.swift; sourceTree = "<group>"; };
		619C41012BB63F36005A89D5 /* NeighborsModel.swift */ = {isa = PBXFileReference; lastKnownFileType = sourcecode.swift; path = NeighborsModel.swift; sourceTree = "<group>"; };
		619C414A2BB741EB005A89D5 /* CourseLoader.swift */ = {isa = PBXFileReference; lastKnownFileType = sourcecode.swift; path = CourseLoader.swift; sourceTree = "<group>"; };
		619C414C2BB74200005A89D5 /* APIClient.swift */ = {isa = PBXFileReference; lastKnownFileType = sourcecode.swift; path = APIClient.swift; sourceTree = "<group>"; };
		619C414E2BB74217005A89D5 /* CourseAPIClient.swift */ = {isa = PBXFileReference; lastKnownFileType = sourcecode.swift; path = CourseAPIClient.swift; sourceTree = "<group>"; };
		619C41502BB7422E005A89D5 /* CoursesEndpoint.swift */ = {isa = PBXFileReference; lastKnownFileType = sourcecode.swift; path = CoursesEndpoint.swift; sourceTree = "<group>"; };
		619C41522BB7423F005A89D5 /* Call.swift */ = {isa = PBXFileReference; lastKnownFileType = sourcecode.swift; path = Call.swift; sourceTree = "<group>"; };
		619C41542BB74343005A89D5 /* APIError.swift */ = {isa = PBXFileReference; lastKnownFileType = sourcecode.swift; path = APIError.swift; sourceTree = "<group>"; };
		619C41562BB744E7005A89D5 /* CourseView.swift */ = {isa = PBXFileReference; lastKnownFileType = sourcecode.swift; path = CourseView.swift; sourceTree = "<group>"; };
		619C41592BB7602A005A89D5 /* SearchCourseView.swift */ = {isa = PBXFileReference; lastKnownFileType = sourcecode.swift; path = SearchCourseView.swift; sourceTree = "<group>"; };
		619C415B2BB760C8005A89D5 /* SearchCourseViewModel.swift */ = {isa = PBXFileReference; lastKnownFileType = sourcecode.swift; path = SearchCourseViewModel.swift; sourceTree = "<group>"; };
/* End PBXFileReference section */

/* Begin PBXFrameworksBuildPhase section */
		6174F61E2BB5FBDD005EB752 /* Frameworks */ = {
			isa = PBXFrameworksBuildPhase;
			buildActionMask = 2147483647;
			files = (
				6174F6682BB62568005EB752 /* FirebaseFirestoreSwift in Frameworks */,
				6174F6542BB5FD53005EB752 /* FirebaseAnalyticsSwift in Frameworks */,
				6174F6662BB62568005EB752 /* FirebaseFirestore in Frameworks */,
				6174F6592BB602F1005EB752 /* FirebaseAuth in Frameworks */,
				6174F6522BB5FD53005EB752 /* FirebaseAnalytics in Frameworks */,
			);
			runOnlyForDeploymentPostprocessing = 0;
		};
		6174F62E2BB5FBE0005EB752 /* Frameworks */ = {
			isa = PBXFrameworksBuildPhase;
			buildActionMask = 2147483647;
			files = (
			);
			runOnlyForDeploymentPostprocessing = 0;
		};
		6174F6382BB5FBE0005EB752 /* Frameworks */ = {
			isa = PBXFrameworksBuildPhase;
			buildActionMask = 2147483647;
			files = (
			);
			runOnlyForDeploymentPostprocessing = 0;
		};
/* End PBXFrameworksBuildPhase section */

/* Begin PBXGroup section */
		6174F6182BB5FBDD005EB752 = {
			isa = PBXGroup;
			children = (
				6174F6232BB5FBDD005EB752 /* mochilla */,
				6174F6342BB5FBE0005EB752 /* mochillaTests */,
				6174F63E2BB5FBE0005EB752 /* mochillaUITests */,
				6174F6222BB5FBDD005EB752 /* Products */,
				6174F6572BB602F1005EB752 /* Frameworks */,
			);
			sourceTree = "<group>";
		};
		6174F6222BB5FBDD005EB752 /* Products */ = {
			isa = PBXGroup;
			children = (
				6174F6212BB5FBDD005EB752 /* mochilla.app */,
				6174F6312BB5FBE0005EB752 /* mochillaTests.xctest */,
				6174F63B2BB5FBE0005EB752 /* mochillaUITests.xctest */,
			);
			name = Products;
			sourceTree = "<group>";
		};
		6174F6232BB5FBDD005EB752 /* mochilla */ = {
			isa = PBXGroup;
			children = (
				6174F6242BB5FBDD005EB752 /* mochillaApp.swift */,
				619C41492BB741DB005A89D5 /* API */,
				619C40FD2BB631D1005A89D5 /* Firestore */,
				6174F6692BB6266F005EB752 /* Core */,
				619C41002BB63F1D005A89D5 /* NeighborsSearch */,
				6174F65A2BB60354005EB752 /* Authentication */,
				6174F6282BB5FBE0005EB752 /* Assets.xcassets */,
				6174F6552BB600A8005EB752 /* GoogleService-Info.plist */,
				6174F62A2BB5FBE0005EB752 /* Preview Content */,
			);
			path = mochilla;
			sourceTree = "<group>";
		};
		6174F62A2BB5FBE0005EB752 /* Preview Content */ = {
			isa = PBXGroup;
			children = (
				6174F62B2BB5FBE0005EB752 /* Preview Assets.xcassets */,
			);
			path = "Preview Content";
			sourceTree = "<group>";
		};
		6174F6342BB5FBE0005EB752 /* mochillaTests */ = {
			isa = PBXGroup;
			children = (
				6174F6352BB5FBE0005EB752 /* mochillaTests.swift */,
			);
			path = mochillaTests;
			sourceTree = "<group>";
		};
		6174F63E2BB5FBE0005EB752 /* mochillaUITests */ = {
			isa = PBXGroup;
			children = (
				6174F63F2BB5FBE0005EB752 /* mochillaUITests.swift */,
				6174F6412BB5FBE0005EB752 /* mochillaUITestsLaunchTests.swift */,
			);
			path = mochillaUITests;
			sourceTree = "<group>";
		};
		6174F6572BB602F1005EB752 /* Frameworks */ = {
			isa = PBXGroup;
			children = (
			);
			name = Frameworks;
			sourceTree = "<group>";
		};
		6174F65A2BB60354005EB752 /* Authentication */ = {
			isa = PBXGroup;
			children = (
				6174F65F2BB6073C005EB752 /* AuthenticationManager.swift */,
			);
			path = Authentication;
			sourceTree = "<group>";
		};
		6174F6692BB6266F005EB752 /* Core */ = {
			isa = PBXGroup;
			children = (
				6174F6612BB60EE3005EB752 /* RootView.swift */,
				619C41582BB744EF005A89D5 /* Courses */,
				6174F66D2BB62740005EB752 /* Authentication */,
				6174F6712BB627EC005EB752 /* Profile */,
				6174F66A2BB62695005EB752 /* Settings */,
			);
			path = Core;
			sourceTree = "<group>";
		};
		6174F66A2BB62695005EB752 /* Settings */ = {
			isa = PBXGroup;
			children = (
				6174F66B2BB626CE005EB752 /* SettingsViewModel.swift */,
				619C40F92BB62BA6005A89D5 /* SettingsView.swift */,
			);
			path = Settings;
			sourceTree = "<group>";
		};
		6174F66D2BB62740005EB752 /* Authentication */ = {
			isa = PBXGroup;
			children = (
				6174F66E2BB62771005EB752 /* Subviews */,
				6174F65B2BB6036C005EB752 /* AuthenticationView.swift */,
				619C40FB2BB62EC6005A89D5 /* AuthenticationViewModel.swift */,
			);
			path = Authentication;
			sourceTree = "<group>";
		};
		6174F66E2BB62771005EB752 /* Subviews */ = {
			isa = PBXGroup;
			children = (
				6174F65D2BB604C4005EB752 /* SignInEmailView.swift */,
				6174F66F2BB627C1005EB752 /* SignInEmailViewModel.swift */,
			);
			path = Subviews;
			sourceTree = "<group>";
		};
		6174F6712BB627EC005EB752 /* Profile */ = {
			isa = PBXGroup;
			children = (
				6174F6722BB627FB005EB752 /* ProfileView.swift */,
			);
			path = Profile;
			sourceTree = "<group>";
		};
		619C40FD2BB631D1005A89D5 /* Firestore */ = {
			isa = PBXGroup;
			children = (
				619C40FE2BB63212005A89D5 /* UserManager.swift */,
			);
			path = Firestore;
			sourceTree = "<group>";
		};
		619C41002BB63F1D005A89D5 /* NeighborsSearch */ = {
			isa = PBXGroup;
			children = (
				619C41012BB63F36005A89D5 /* NeighborsModel.swift */,
			);
			path = NeighborsSearch;
			sourceTree = "<group>";
		};
		619C41492BB741DB005A89D5 /* API */ = {
			isa = PBXGroup;
			children = (
				619C414A2BB741EB005A89D5 /* CourseLoader.swift */,
				619C414C2BB74200005A89D5 /* APIClient.swift */,
				619C414E2BB74217005A89D5 /* CourseAPIClient.swift */,
				619C41502BB7422E005A89D5 /* CoursesEndpoint.swift */,
				619C41522BB7423F005A89D5 /* Call.swift */,
				619C41542BB74343005A89D5 /* APIError.swift */,
			);
			path = API;
			sourceTree = "<group>";
		};
		619C41582BB744EF005A89D5 /* Courses */ = {
			isa = PBXGroup;
			children = (
				619C41562BB744E7005A89D5 /* CourseView.swift */,
				619C41592BB7602A005A89D5 /* SearchCourseView.swift */,
				619C415B2BB760C8005A89D5 /* SearchCourseViewModel.swift */,
			);
			path = Courses;
			sourceTree = "<group>";
		};
/* End PBXGroup section */

/* Begin PBXNativeTarget section */
		6174F6202BB5FBDD005EB752 /* mochilla */ = {
			isa = PBXNativeTarget;
			buildConfigurationList = 6174F6452BB5FBE0005EB752 /* Build configuration list for PBXNativeTarget "mochilla" */;
			buildPhases = (
				6174F61D2BB5FBDD005EB752 /* Sources */,
				6174F61E2BB5FBDD005EB752 /* Frameworks */,
				6174F61F2BB5FBDD005EB752 /* Resources */,
			);
			buildRules = (
			);
			dependencies = (
			);
			name = mochilla;
			packageProductDependencies = (
				6174F6512BB5FD53005EB752 /* FirebaseAnalytics */,
				6174F6532BB5FD53005EB752 /* FirebaseAnalyticsSwift */,
				6174F6582BB602F1005EB752 /* FirebaseAuth */,
				6174F6652BB62568005EB752 /* FirebaseFirestore */,
				6174F6672BB62568005EB752 /* FirebaseFirestoreSwift */,
			);
			productName = mochilla;
			productReference = 6174F6212BB5FBDD005EB752 /* mochilla.app */;
			productType = "com.apple.product-type.application";
		};
		6174F6302BB5FBE0005EB752 /* mochillaTests */ = {
			isa = PBXNativeTarget;
			buildConfigurationList = 6174F6482BB5FBE0005EB752 /* Build configuration list for PBXNativeTarget "mochillaTests" */;
			buildPhases = (
				6174F62D2BB5FBE0005EB752 /* Sources */,
				6174F62E2BB5FBE0005EB752 /* Frameworks */,
				6174F62F2BB5FBE0005EB752 /* Resources */,
			);
			buildRules = (
			);
			dependencies = (
				6174F6332BB5FBE0005EB752 /* PBXTargetDependency */,
			);
			name = mochillaTests;
			productName = mochillaTests;
			productReference = 6174F6312BB5FBE0005EB752 /* mochillaTests.xctest */;
			productType = "com.apple.product-type.bundle.unit-test";
		};
		6174F63A2BB5FBE0005EB752 /* mochillaUITests */ = {
			isa = PBXNativeTarget;
			buildConfigurationList = 6174F64B2BB5FBE0005EB752 /* Build configuration list for PBXNativeTarget "mochillaUITests" */;
			buildPhases = (
				6174F6372BB5FBE0005EB752 /* Sources */,
				6174F6382BB5FBE0005EB752 /* Frameworks */,
				6174F6392BB5FBE0005EB752 /* Resources */,
			);
			buildRules = (
			);
			dependencies = (
				6174F63D2BB5FBE0005EB752 /* PBXTargetDependency */,
			);
			name = mochillaUITests;
			productName = mochillaUITests;
			productReference = 6174F63B2BB5FBE0005EB752 /* mochillaUITests.xctest */;
			productType = "com.apple.product-type.bundle.ui-testing";
		};
/* End PBXNativeTarget section */

/* Begin PBXProject section */
		6174F6192BB5FBDD005EB752 /* Project object */ = {
			isa = PBXProject;
			attributes = {
				BuildIndependentTargetsInParallel = 1;
				LastSwiftUpdateCheck = 1420;
				LastUpgradeCheck = 1420;
				TargetAttributes = {
					6174F6202BB5FBDD005EB752 = {
						CreatedOnToolsVersion = 14.2;
					};
					6174F6302BB5FBE0005EB752 = {
						CreatedOnToolsVersion = 14.2;
						TestTargetID = 6174F6202BB5FBDD005EB752;
					};
					6174F63A2BB5FBE0005EB752 = {
						CreatedOnToolsVersion = 14.2;
						TestTargetID = 6174F6202BB5FBDD005EB752;
					};
				};
			};
			buildConfigurationList = 6174F61C2BB5FBDD005EB752 /* Build configuration list for PBXProject "mochilla" */;
			compatibilityVersion = "Xcode 14.0";
			developmentRegion = en;
			hasScannedForEncodings = 0;
			knownRegions = (
				en,
				Base,
			);
			mainGroup = 6174F6182BB5FBDD005EB752;
			packageReferences = (
				6174F6502BB5FD53005EB752 /* XCRemoteSwiftPackageReference "firebase-ios-sdk" */,
			);
			productRefGroup = 6174F6222BB5FBDD005EB752 /* Products */;
			projectDirPath = "";
			projectRoot = "";
			targets = (
				6174F6202BB5FBDD005EB752 /* mochilla */,
				6174F6302BB5FBE0005EB752 /* mochillaTests */,
				6174F63A2BB5FBE0005EB752 /* mochillaUITests */,
			);
		};
/* End PBXProject section */

/* Begin PBXResourcesBuildPhase section */
		6174F61F2BB5FBDD005EB752 /* Resources */ = {
			isa = PBXResourcesBuildPhase;
			buildActionMask = 2147483647;
			files = (
				6174F62C2BB5FBE0005EB752 /* Preview Assets.xcassets in Resources */,
				6174F6292BB5FBE0005EB752 /* Assets.xcassets in Resources */,
				6174F6562BB600A8005EB752 /* GoogleService-Info.plist in Resources */,
			);
			runOnlyForDeploymentPostprocessing = 0;
		};
		6174F62F2BB5FBE0005EB752 /* Resources */ = {
			isa = PBXResourcesBuildPhase;
			buildActionMask = 2147483647;
			files = (
			);
			runOnlyForDeploymentPostprocessing = 0;
		};
		6174F6392BB5FBE0005EB752 /* Resources */ = {
			isa = PBXResourcesBuildPhase;
			buildActionMask = 2147483647;
			files = (
			);
			runOnlyForDeploymentPostprocessing = 0;
		};
/* End PBXResourcesBuildPhase section */

/* Begin PBXSourcesBuildPhase section */
		6174F61D2BB5FBDD005EB752 /* Sources */ = {
			isa = PBXSourcesBuildPhase;
			buildActionMask = 2147483647;
			files = (
				6174F6732BB627FC005EB752 /* ProfileView.swift in Sources */,
				619C414D2BB74200005A89D5 /* APIClient.swift in Sources */,
				6174F6252BB5FBDD005EB752 /* mochillaApp.swift in Sources */,
				6174F6622BB60EE3005EB752 /* RootView.swift in Sources */,
				619C40FC2BB62EC6005A89D5 /* AuthenticationViewModel.swift in Sources */,
				619C41512BB7422E005A89D5 /* CoursesEndpoint.swift in Sources */,
				6174F65C2BB6036C005EB752 /* AuthenticationView.swift in Sources */,
				619C40FF2BB63212005A89D5 /* UserManager.swift in Sources */,
				619C40FA2BB62BA6005A89D5 /* SettingsView.swift in Sources */,
				6174F6702BB627C1005EB752 /* SignInEmailViewModel.swift in Sources */,
				619C414B2BB741EB005A89D5 /* CourseLoader.swift in Sources */,
				619C414F2BB74217005A89D5 /* CourseAPIClient.swift in Sources */,
				6174F6602BB6073C005EB752 /* AuthenticationManager.swift in Sources */,
				619C41572BB744E8005A89D5 /* CourseView.swift in Sources */,
				619C41532BB7423F005A89D5 /* Call.swift in Sources */,
				619C41022BB63F36005A89D5 /* NeighborsModel.swift in Sources */,
				6174F65E2BB604C4005EB752 /* SignInEmailView.swift in Sources */,
				6174F66C2BB626CE005EB752 /* SettingsViewModel.swift in Sources */,
				619C41552BB74343005A89D5 /* APIError.swift in Sources */,
				619C415A2BB7602A005A89D5 /* SearchCourseView.swift in Sources */,
				619C415C2BB760C8005A89D5 /* SearchCourseViewModel.swift in Sources */,
			);
			runOnlyForDeploymentPostprocessing = 0;
		};
		6174F62D2BB5FBE0005EB752 /* Sources */ = {
			isa = PBXSourcesBuildPhase;
			buildActionMask = 2147483647;
			files = (
				6174F6362BB5FBE0005EB752 /* mochillaTests.swift in Sources */,
			);
			runOnlyForDeploymentPostprocessing = 0;
		};
		6174F6372BB5FBE0005EB752 /* Sources */ = {
			isa = PBXSourcesBuildPhase;
			buildActionMask = 2147483647;
			files = (
				6174F6422BB5FBE0005EB752 /* mochillaUITestsLaunchTests.swift in Sources */,
				6174F6402BB5FBE0005EB752 /* mochillaUITests.swift in Sources */,
			);
			runOnlyForDeploymentPostprocessing = 0;
		};
/* End PBXSourcesBuildPhase section */

/* Begin PBXTargetDependency section */
		6174F6332BB5FBE0005EB752 /* PBXTargetDependency */ = {
			isa = PBXTargetDependency;
			target = 6174F6202BB5FBDD005EB752 /* mochilla */;
			targetProxy = 6174F6322BB5FBE0005EB752 /* PBXContainerItemProxy */;
		};
		6174F63D2BB5FBE0005EB752 /* PBXTargetDependency */ = {
			isa = PBXTargetDependency;
			target = 6174F6202BB5FBDD005EB752 /* mochilla */;
			targetProxy = 6174F63C2BB5FBE0005EB752 /* PBXContainerItemProxy */;
		};
/* End PBXTargetDependency section */

/* Begin XCBuildConfiguration section */
		6174F6432BB5FBE0005EB752 /* Debug */ = {
			isa = XCBuildConfiguration;
			buildSettings = {
				ALWAYS_SEARCH_USER_PATHS = NO;
				CLANG_ANALYZER_NONNULL = YES;
				CLANG_ANALYZER_NUMBER_OBJECT_CONVERSION = YES_AGGRESSIVE;
				CLANG_CXX_LANGUAGE_STANDARD = "gnu++20";
				CLANG_ENABLE_MODULES = YES;
				CLANG_ENABLE_OBJC_ARC = YES;
				CLANG_ENABLE_OBJC_WEAK = YES;
				CLANG_WARN_BLOCK_CAPTURE_AUTORELEASING = YES;
				CLANG_WARN_BOOL_CONVERSION = YES;
				CLANG_WARN_COMMA = YES;
				CLANG_WARN_CONSTANT_CONVERSION = YES;
				CLANG_WARN_DEPRECATED_OBJC_IMPLEMENTATIONS = YES;
				CLANG_WARN_DIRECT_OBJC_ISA_USAGE = YES_ERROR;
				CLANG_WARN_DOCUMENTATION_COMMENTS = YES;
				CLANG_WARN_EMPTY_BODY = YES;
				CLANG_WARN_ENUM_CONVERSION = YES;
				CLANG_WARN_INFINITE_RECURSION = YES;
				CLANG_WARN_INT_CONVERSION = YES;
				CLANG_WARN_NON_LITERAL_NULL_CONVERSION = YES;
				CLANG_WARN_OBJC_IMPLICIT_RETAIN_SELF = YES;
				CLANG_WARN_OBJC_LITERAL_CONVERSION = YES;
				CLANG_WARN_OBJC_ROOT_CLASS = YES_ERROR;
				CLANG_WARN_QUOTED_INCLUDE_IN_FRAMEWORK_HEADER = YES;
				CLANG_WARN_RANGE_LOOP_ANALYSIS = YES;
				CLANG_WARN_STRICT_PROTOTYPES = YES;
				CLANG_WARN_SUSPICIOUS_MOVE = YES;
				CLANG_WARN_UNGUARDED_AVAILABILITY = YES_AGGRESSIVE;
				CLANG_WARN_UNREACHABLE_CODE = YES;
				CLANG_WARN__DUPLICATE_METHOD_MATCH = YES;
				COPY_PHASE_STRIP = NO;
				DEBUG_INFORMATION_FORMAT = dwarf;
				ENABLE_STRICT_OBJC_MSGSEND = YES;
				ENABLE_TESTABILITY = YES;
				GCC_C_LANGUAGE_STANDARD = gnu11;
				GCC_DYNAMIC_NO_PIC = NO;
				GCC_NO_COMMON_BLOCKS = YES;
				GCC_OPTIMIZATION_LEVEL = 0;
				GCC_PREPROCESSOR_DEFINITIONS = (
					"DEBUG=1",
					"$(inherited)",
				);
				GCC_WARN_64_TO_32_BIT_CONVERSION = YES;
				GCC_WARN_ABOUT_RETURN_TYPE = YES_ERROR;
				GCC_WARN_UNDECLARED_SELECTOR = YES;
				GCC_WARN_UNINITIALIZED_AUTOS = YES_AGGRESSIVE;
				GCC_WARN_UNUSED_FUNCTION = YES;
				GCC_WARN_UNUSED_VARIABLE = YES;
				IPHONEOS_DEPLOYMENT_TARGET = 16.2;
				MTL_ENABLE_DEBUG_INFO = INCLUDE_SOURCE;
				MTL_FAST_MATH = YES;
				ONLY_ACTIVE_ARCH = YES;
				SDKROOT = iphoneos;
				SWIFT_ACTIVE_COMPILATION_CONDITIONS = DEBUG;
				SWIFT_OPTIMIZATION_LEVEL = "-Onone";
			};
			name = Debug;
		};
		6174F6442BB5FBE0005EB752 /* Release */ = {
			isa = XCBuildConfiguration;
			buildSettings = {
				ALWAYS_SEARCH_USER_PATHS = NO;
				CLANG_ANALYZER_NONNULL = YES;
				CLANG_ANALYZER_NUMBER_OBJECT_CONVERSION = YES_AGGRESSIVE;
				CLANG_CXX_LANGUAGE_STANDARD = "gnu++20";
				CLANG_ENABLE_MODULES = YES;
				CLANG_ENABLE_OBJC_ARC = YES;
				CLANG_ENABLE_OBJC_WEAK = YES;
				CLANG_WARN_BLOCK_CAPTURE_AUTORELEASING = YES;
				CLANG_WARN_BOOL_CONVERSION = YES;
				CLANG_WARN_COMMA = YES;
				CLANG_WARN_CONSTANT_CONVERSION = YES;
				CLANG_WARN_DEPRECATED_OBJC_IMPLEMENTATIONS = YES;
				CLANG_WARN_DIRECT_OBJC_ISA_USAGE = YES_ERROR;
				CLANG_WARN_DOCUMENTATION_COMMENTS = YES;
				CLANG_WARN_EMPTY_BODY = YES;
				CLANG_WARN_ENUM_CONVERSION = YES;
				CLANG_WARN_INFINITE_RECURSION = YES;
				CLANG_WARN_INT_CONVERSION = YES;
				CLANG_WARN_NON_LITERAL_NULL_CONVERSION = YES;
				CLANG_WARN_OBJC_IMPLICIT_RETAIN_SELF = YES;
				CLANG_WARN_OBJC_LITERAL_CONVERSION = YES;
				CLANG_WARN_OBJC_ROOT_CLASS = YES_ERROR;
				CLANG_WARN_QUOTED_INCLUDE_IN_FRAMEWORK_HEADER = YES;
				CLANG_WARN_RANGE_LOOP_ANALYSIS = YES;
				CLANG_WARN_STRICT_PROTOTYPES = YES;
				CLANG_WARN_SUSPICIOUS_MOVE = YES;
				CLANG_WARN_UNGUARDED_AVAILABILITY = YES_AGGRESSIVE;
				CLANG_WARN_UNREACHABLE_CODE = YES;
				CLANG_WARN__DUPLICATE_METHOD_MATCH = YES;
				COPY_PHASE_STRIP = NO;
				DEBUG_INFORMATION_FORMAT = "dwarf-with-dsym";
				ENABLE_NS_ASSERTIONS = NO;
				ENABLE_STRICT_OBJC_MSGSEND = YES;
				GCC_C_LANGUAGE_STANDARD = gnu11;
				GCC_NO_COMMON_BLOCKS = YES;
				GCC_WARN_64_TO_32_BIT_CONVERSION = YES;
				GCC_WARN_ABOUT_RETURN_TYPE = YES_ERROR;
				GCC_WARN_UNDECLARED_SELECTOR = YES;
				GCC_WARN_UNINITIALIZED_AUTOS = YES_AGGRESSIVE;
				GCC_WARN_UNUSED_FUNCTION = YES;
				GCC_WARN_UNUSED_VARIABLE = YES;
				IPHONEOS_DEPLOYMENT_TARGET = 16.2;
				MTL_ENABLE_DEBUG_INFO = NO;
				MTL_FAST_MATH = YES;
				SDKROOT = iphoneos;
				SWIFT_COMPILATION_MODE = wholemodule;
				SWIFT_OPTIMIZATION_LEVEL = "-O";
				VALIDATE_PRODUCT = YES;
			};
			name = Release;
		};
		6174F6462BB5FBE0005EB752 /* Debug */ = {
			isa = XCBuildConfiguration;
			buildSettings = {
				ASSETCATALOG_COMPILER_APPICON_NAME = AppIcon;
				ASSETCATALOG_COMPILER_GLOBAL_ACCENT_COLOR_NAME = AccentColor;
				CODE_SIGN_STYLE = Automatic;
				CURRENT_PROJECT_VERSION = 1;
				DEVELOPMENT_ASSET_PATHS = "\"mochilla/Preview Content\"";
				ENABLE_PREVIEWS = YES;
				GENERATE_INFOPLIST_FILE = YES;
				INFOPLIST_KEY_UIApplicationSceneManifest_Generation = YES;
				INFOPLIST_KEY_UIApplicationSupportsIndirectInputEvents = YES;
				INFOPLIST_KEY_UILaunchScreen_Generation = YES;
				INFOPLIST_KEY_UISupportedInterfaceOrientations_iPad = "UIInterfaceOrientationPortrait UIInterfaceOrientationPortraitUpsideDown UIInterfaceOrientationLandscapeLeft UIInterfaceOrientationLandscapeRight";
				INFOPLIST_KEY_UISupportedInterfaceOrientations_iPhone = "UIInterfaceOrientationPortrait UIInterfaceOrientationLandscapeLeft UIInterfaceOrientationLandscapeRight";
				LD_RUNPATH_SEARCH_PATHS = (
					"$(inherited)",
					"@executable_path/Frameworks",
				);
				MARKETING_VERSION = 1.0;
				PRODUCT_BUNDLE_IDENTIFIER = edu.duke.tee9.mochilla;
				PRODUCT_NAME = "$(TARGET_NAME)";
				SWIFT_EMIT_LOC_STRINGS = YES;
				SWIFT_VERSION = 5.0;
				TARGETED_DEVICE_FAMILY = "1,2";
			};
			name = Debug;
		};
		6174F6472BB5FBE0005EB752 /* Release */ = {
			isa = XCBuildConfiguration;
			buildSettings = {
				ASSETCATALOG_COMPILER_APPICON_NAME = AppIcon;
				ASSETCATALOG_COMPILER_GLOBAL_ACCENT_COLOR_NAME = AccentColor;
				CODE_SIGN_STYLE = Automatic;
				CURRENT_PROJECT_VERSION = 1;
				DEVELOPMENT_ASSET_PATHS = "\"mochilla/Preview Content\"";
				ENABLE_PREVIEWS = YES;
				GENERATE_INFOPLIST_FILE = YES;
				INFOPLIST_KEY_UIApplicationSceneManifest_Generation = YES;
				INFOPLIST_KEY_UIApplicationSupportsIndirectInputEvents = YES;
				INFOPLIST_KEY_UILaunchScreen_Generation = YES;
				INFOPLIST_KEY_UISupportedInterfaceOrientations_iPad = "UIInterfaceOrientationPortrait UIInterfaceOrientationPortraitUpsideDown UIInterfaceOrientationLandscapeLeft UIInterfaceOrientationLandscapeRight";
				INFOPLIST_KEY_UISupportedInterfaceOrientations_iPhone = "UIInterfaceOrientationPortrait UIInterfaceOrientationLandscapeLeft UIInterfaceOrientationLandscapeRight";
				LD_RUNPATH_SEARCH_PATHS = (
					"$(inherited)",
					"@executable_path/Frameworks",
				);
				MARKETING_VERSION = 1.0;
				PRODUCT_BUNDLE_IDENTIFIER = edu.duke.tee9.mochilla;
				PRODUCT_NAME = "$(TARGET_NAME)";
				SWIFT_EMIT_LOC_STRINGS = YES;
				SWIFT_VERSION = 5.0;
				TARGETED_DEVICE_FAMILY = "1,2";
			};
			name = Release;
		};
		6174F6492BB5FBE0005EB752 /* Debug */ = {
			isa = XCBuildConfiguration;
			buildSettings = {
				ALWAYS_EMBED_SWIFT_STANDARD_LIBRARIES = YES;
				BUNDLE_LOADER = "$(TEST_HOST)";
				CODE_SIGN_STYLE = Automatic;
				CURRENT_PROJECT_VERSION = 1;
				GENERATE_INFOPLIST_FILE = YES;
				IPHONEOS_DEPLOYMENT_TARGET = 16.2;
				MARKETING_VERSION = 1.0;
				PRODUCT_BUNDLE_IDENTIFIER = edu.duke.tee9.mochillaTests;
				PRODUCT_NAME = "$(TARGET_NAME)";
				SWIFT_EMIT_LOC_STRINGS = NO;
				SWIFT_VERSION = 5.0;
				TARGETED_DEVICE_FAMILY = "1,2";
				TEST_HOST = "$(BUILT_PRODUCTS_DIR)/mochilla.app/$(BUNDLE_EXECUTABLE_FOLDER_PATH)/mochilla";
			};
			name = Debug;
		};
		6174F64A2BB5FBE0005EB752 /* Release */ = {
			isa = XCBuildConfiguration;
			buildSettings = {
				ALWAYS_EMBED_SWIFT_STANDARD_LIBRARIES = YES;
				BUNDLE_LOADER = "$(TEST_HOST)";
				CODE_SIGN_STYLE = Automatic;
				CURRENT_PROJECT_VERSION = 1;
				GENERATE_INFOPLIST_FILE = YES;
				IPHONEOS_DEPLOYMENT_TARGET = 16.2;
				MARKETING_VERSION = 1.0;
				PRODUCT_BUNDLE_IDENTIFIER = edu.duke.tee9.mochillaTests;
				PRODUCT_NAME = "$(TARGET_NAME)";
				SWIFT_EMIT_LOC_STRINGS = NO;
				SWIFT_VERSION = 5.0;
				TARGETED_DEVICE_FAMILY = "1,2";
				TEST_HOST = "$(BUILT_PRODUCTS_DIR)/mochilla.app/$(BUNDLE_EXECUTABLE_FOLDER_PATH)/mochilla";
			};
			name = Release;
		};
		6174F64C2BB5FBE0005EB752 /* Debug */ = {
			isa = XCBuildConfiguration;
			buildSettings = {
				ALWAYS_EMBED_SWIFT_STANDARD_LIBRARIES = YES;
				CODE_SIGN_STYLE = Automatic;
				CURRENT_PROJECT_VERSION = 1;
				GENERATE_INFOPLIST_FILE = YES;
				MARKETING_VERSION = 1.0;
				PRODUCT_BUNDLE_IDENTIFIER = edu.duke.tee9.mochillaUITests;
				PRODUCT_NAME = "$(TARGET_NAME)";
				SWIFT_EMIT_LOC_STRINGS = NO;
				SWIFT_VERSION = 5.0;
				TARGETED_DEVICE_FAMILY = "1,2";
				TEST_TARGET_NAME = mochilla;
			};
			name = Debug;
		};
		6174F64D2BB5FBE0005EB752 /* Release */ = {
			isa = XCBuildConfiguration;
			buildSettings = {
				ALWAYS_EMBED_SWIFT_STANDARD_LIBRARIES = YES;
				CODE_SIGN_STYLE = Automatic;
				CURRENT_PROJECT_VERSION = 1;
				GENERATE_INFOPLIST_FILE = YES;
				MARKETING_VERSION = 1.0;
				PRODUCT_BUNDLE_IDENTIFIER = edu.duke.tee9.mochillaUITests;
				PRODUCT_NAME = "$(TARGET_NAME)";
				SWIFT_EMIT_LOC_STRINGS = NO;
				SWIFT_VERSION = 5.0;
				TARGETED_DEVICE_FAMILY = "1,2";
				TEST_TARGET_NAME = mochilla;
			};
			name = Release;
		};
/* End XCBuildConfiguration section */

/* Begin XCConfigurationList section */
		6174F61C2BB5FBDD005EB752 /* Build configuration list for PBXProject "mochilla" */ = {
			isa = XCConfigurationList;
			buildConfigurations = (
				6174F6432BB5FBE0005EB752 /* Debug */,
				6174F6442BB5FBE0005EB752 /* Release */,
			);
			defaultConfigurationIsVisible = 0;
			defaultConfigurationName = Release;
		};
		6174F6452BB5FBE0005EB752 /* Build configuration list for PBXNativeTarget "mochilla" */ = {
			isa = XCConfigurationList;
			buildConfigurations = (
				6174F6462BB5FBE0005EB752 /* Debug */,
				6174F6472BB5FBE0005EB752 /* Release */,
			);
			defaultConfigurationIsVisible = 0;
			defaultConfigurationName = Release;
		};
		6174F6482BB5FBE0005EB752 /* Build configuration list for PBXNativeTarget "mochillaTests" */ = {
			isa = XCConfigurationList;
			buildConfigurations = (
				6174F6492BB5FBE0005EB752 /* Debug */,
				6174F64A2BB5FBE0005EB752 /* Release */,
			);
			defaultConfigurationIsVisible = 0;
			defaultConfigurationName = Release;
		};
		6174F64B2BB5FBE0005EB752 /* Build configuration list for PBXNativeTarget "mochillaUITests" */ = {
			isa = XCConfigurationList;
			buildConfigurations = (
				6174F64C2BB5FBE0005EB752 /* Debug */,
				6174F64D2BB5FBE0005EB752 /* Release */,
			);
			defaultConfigurationIsVisible = 0;
			defaultConfigurationName = Release;
		};
/* End XCConfigurationList section */

/* Begin XCRemoteSwiftPackageReference section */
		6174F6502BB5FD53005EB752 /* XCRemoteSwiftPackageReference "firebase-ios-sdk" */ = {
			isa = XCRemoteSwiftPackageReference;
			repositoryURL = "https://github.com/firebase/firebase-ios-sdk";
			requirement = {
				kind = exactVersion;
				version = 10.4.0;
			};
		};
/* End XCRemoteSwiftPackageReference section */

/* Begin XCSwiftPackageProductDependency section */
		6174F6512BB5FD53005EB752 /* FirebaseAnalytics */ = {
			isa = XCSwiftPackageProductDependency;
			package = 6174F6502BB5FD53005EB752 /* XCRemoteSwiftPackageReference "firebase-ios-sdk" */;
			productName = FirebaseAnalytics;
		};
		6174F6532BB5FD53005EB752 /* FirebaseAnalyticsSwift */ = {
			isa = XCSwiftPackageProductDependency;
			package = 6174F6502BB5FD53005EB752 /* XCRemoteSwiftPackageReference "firebase-ios-sdk" */;
			productName = FirebaseAnalyticsSwift;
		};
		6174F6582BB602F1005EB752 /* FirebaseAuth */ = {
			isa = XCSwiftPackageProductDependency;
			package = 6174F6502BB5FD53005EB752 /* XCRemoteSwiftPackageReference "firebase-ios-sdk" */;
			productName = FirebaseAuth;
		};
		6174F6652BB62568005EB752 /* FirebaseFirestore */ = {
			isa = XCSwiftPackageProductDependency;
			package = 6174F6502BB5FD53005EB752 /* XCRemoteSwiftPackageReference "firebase-ios-sdk" */;
			productName = FirebaseFirestore;
		};
		6174F6672BB62568005EB752 /* FirebaseFirestoreSwift */ = {
			isa = XCSwiftPackageProductDependency;
			package = 6174F6502BB5FD53005EB752 /* XCRemoteSwiftPackageReference "firebase-ios-sdk" */;
			productName = FirebaseFirestoreSwift;
		};
/* End XCSwiftPackageProductDependency section */
	};
	rootObject = 6174F6192BB5FBDD005EB752 /* Project object */;
}
