// !$*UTF8*$!
{
	archiveVersion = 1;
	classes = {
	};
	objectVersion = 56;
	objects = {

/* Begin PBXBuildFile section */
		6174F5B62BB5E9A7005EB752 /* mochilla_hackathonApp.swift in Sources */ = {isa = PBXBuildFile; fileRef = 6174F5B52BB5E9A7005EB752 /* mochilla_hackathonApp.swift */; };
		6174F5B82BB5E9A7005EB752 /* ContentView.swift in Sources */ = {isa = PBXBuildFile; fileRef = 6174F5B72BB5E9A7005EB752 /* ContentView.swift */; };
		6174F5BA2BB5E9AA005EB752 /* Assets.xcassets in Resources */ = {isa = PBXBuildFile; fileRef = 6174F5B92BB5E9AA005EB752 /* Assets.xcassets */; };
		6174F5BD2BB5E9AA005EB752 /* Preview Assets.xcassets in Resources */ = {isa = PBXBuildFile; fileRef = 6174F5BC2BB5E9AA005EB752 /* Preview Assets.xcassets */; };
		6174F5C72BB5E9AA005EB752 /* mochilla_hackathonTests.swift in Sources */ = {isa = PBXBuildFile; fileRef = 6174F5C62BB5E9AA005EB752 /* mochilla_hackathonTests.swift */; };
		6174F5D12BB5E9AA005EB752 /* mochilla_hackathonUITests.swift in Sources */ = {isa = PBXBuildFile; fileRef = 6174F5D02BB5E9AA005EB752 /* mochilla_hackathonUITests.swift */; };
		6174F5D32BB5E9AA005EB752 /* mochilla_hackathonUITestsLaunchTests.swift in Sources */ = {isa = PBXBuildFile; fileRef = 6174F5D22BB5E9AA005EB752 /* mochilla_hackathonUITestsLaunchTests.swift */; };
/* End PBXBuildFile section */

/* Begin PBXContainerItemProxy section */
		6174F5C32BB5E9AA005EB752 /* PBXContainerItemProxy */ = {
			isa = PBXContainerItemProxy;
			containerPortal = 6174F5AA2BB5E9A7005EB752 /* Project object */;
			proxyType = 1;
			remoteGlobalIDString = 6174F5B12BB5E9A7005EB752;
			remoteInfo = "mochilla-hackathon";
		};
		6174F5CD2BB5E9AA005EB752 /* PBXContainerItemProxy */ = {
			isa = PBXContainerItemProxy;
			containerPortal = 6174F5AA2BB5E9A7005EB752 /* Project object */;
			proxyType = 1;
			remoteGlobalIDString = 6174F5B12BB5E9A7005EB752;
			remoteInfo = "mochilla-hackathon";
		};
/* End PBXContainerItemProxy section */

/* Begin PBXFileReference section */
		6174F5B22BB5E9A7005EB752 /* mochilla-hackathon.app */ = {isa = PBXFileReference; explicitFileType = wrapper.application; includeInIndex = 0; path = "mochilla-hackathon.app"; sourceTree = BUILT_PRODUCTS_DIR; };
		6174F5B52BB5E9A7005EB752 /* mochilla_hackathonApp.swift */ = {isa = PBXFileReference; lastKnownFileType = sourcecode.swift; path = mochilla_hackathonApp.swift; sourceTree = "<group>"; };
		6174F5B72BB5E9A7005EB752 /* ContentView.swift */ = {isa = PBXFileReference; lastKnownFileType = sourcecode.swift; path = ContentView.swift; sourceTree = "<group>"; };
		6174F5B92BB5E9AA005EB752 /* Assets.xcassets */ = {isa = PBXFileReference; lastKnownFileType = folder.assetcatalog; path = Assets.xcassets; sourceTree = "<group>"; };
		6174F5BC2BB5E9AA005EB752 /* Preview Assets.xcassets */ = {isa = PBXFileReference; lastKnownFileType = folder.assetcatalog; path = "Preview Assets.xcassets"; sourceTree = "<group>"; };
		6174F5C22BB5E9AA005EB752 /* mochilla-hackathonTests.xctest */ = {isa = PBXFileReference; explicitFileType = wrapper.cfbundle; includeInIndex = 0; path = "mochilla-hackathonTests.xctest"; sourceTree = BUILT_PRODUCTS_DIR; };
		6174F5C62BB5E9AA005EB752 /* mochilla_hackathonTests.swift */ = {isa = PBXFileReference; lastKnownFileType = sourcecode.swift; path = mochilla_hackathonTests.swift; sourceTree = "<group>"; };
		6174F5CC2BB5E9AA005EB752 /* mochilla-hackathonUITests.xctest */ = {isa = PBXFileReference; explicitFileType = wrapper.cfbundle; includeInIndex = 0; path = "mochilla-hackathonUITests.xctest"; sourceTree = BUILT_PRODUCTS_DIR; };
		6174F5D02BB5E9AA005EB752 /* mochilla_hackathonUITests.swift */ = {isa = PBXFileReference; lastKnownFileType = sourcecode.swift; path = mochilla_hackathonUITests.swift; sourceTree = "<group>"; };
		6174F5D22BB5E9AA005EB752 /* mochilla_hackathonUITestsLaunchTests.swift */ = {isa = PBXFileReference; lastKnownFileType = sourcecode.swift; path = mochilla_hackathonUITestsLaunchTests.swift; sourceTree = "<group>"; };
/* End PBXFileReference section */

/* Begin PBXFrameworksBuildPhase section */
		6174F5AF2BB5E9A7005EB752 /* Frameworks */ = {
			isa = PBXFrameworksBuildPhase;
			buildActionMask = 2147483647;
			files = (
			);
			runOnlyForDeploymentPostprocessing = 0;
		};
		6174F5BF2BB5E9AA005EB752 /* Frameworks */ = {
			isa = PBXFrameworksBuildPhase;
			buildActionMask = 2147483647;
			files = (
			);
			runOnlyForDeploymentPostprocessing = 0;
		};
		6174F5C92BB5E9AA005EB752 /* Frameworks */ = {
			isa = PBXFrameworksBuildPhase;
			buildActionMask = 2147483647;
			files = (
			);
			runOnlyForDeploymentPostprocessing = 0;
		};
/* End PBXFrameworksBuildPhase section */

/* Begin PBXGroup section */
		6174F5A92BB5E9A7005EB752 = {
			isa = PBXGroup;
			children = (
				6174F5B42BB5E9A7005EB752 /* mochilla-hackathon */,
				6174F5C52BB5E9AA005EB752 /* mochilla-hackathonTests */,
				6174F5CF2BB5E9AA005EB752 /* mochilla-hackathonUITests */,
				6174F5B32BB5E9A7005EB752 /* Products */,
			);
			sourceTree = "<group>";
		};
		6174F5B32BB5E9A7005EB752 /* Products */ = {
			isa = PBXGroup;
			children = (
				6174F5B22BB5E9A7005EB752 /* mochilla-hackathon.app */,
				6174F5C22BB5E9AA005EB752 /* mochilla-hackathonTests.xctest */,
				6174F5CC2BB5E9AA005EB752 /* mochilla-hackathonUITests.xctest */,
			);
			name = Products;
			sourceTree = "<group>";
		};
		6174F5B42BB5E9A7005EB752 /* mochilla-hackathon */ = {
			isa = PBXGroup;
			children = (
				6174F5B52BB5E9A7005EB752 /* mochilla_hackathonApp.swift */,
				6174F5B72BB5E9A7005EB752 /* ContentView.swift */,
				6174F5B92BB5E9AA005EB752 /* Assets.xcassets */,
				6174F5BB2BB5E9AA005EB752 /* Preview Content */,
			);
			path = "mochilla-hackathon";
			sourceTree = "<group>";
		};
		6174F5BB2BB5E9AA005EB752 /* Preview Content */ = {
			isa = PBXGroup;
			children = (
				6174F5BC2BB5E9AA005EB752 /* Preview Assets.xcassets */,
			);
			path = "Preview Content";
			sourceTree = "<group>";
		};
		6174F5C52BB5E9AA005EB752 /* mochilla-hackathonTests */ = {
			isa = PBXGroup;
			children = (
				6174F5C62BB5E9AA005EB752 /* mochilla_hackathonTests.swift */,
			);
			path = "mochilla-hackathonTests";
			sourceTree = "<group>";
		};
		6174F5CF2BB5E9AA005EB752 /* mochilla-hackathonUITests */ = {
			isa = PBXGroup;
			children = (
				6174F5D02BB5E9AA005EB752 /* mochilla_hackathonUITests.swift */,
				6174F5D22BB5E9AA005EB752 /* mochilla_hackathonUITestsLaunchTests.swift */,
			);
			path = "mochilla-hackathonUITests";
			sourceTree = "<group>";
		};
/* End PBXGroup section */

/* Begin PBXNativeTarget section */
		6174F5B12BB5E9A7005EB752 /* mochilla-hackathon */ = {
			isa = PBXNativeTarget;
			buildConfigurationList = 6174F5D62BB5E9AA005EB752 /* Build configuration list for PBXNativeTarget "mochilla-hackathon" */;
			buildPhases = (
				6174F5AE2BB5E9A7005EB752 /* Sources */,
				6174F5AF2BB5E9A7005EB752 /* Frameworks */,
				6174F5B02BB5E9A7005EB752 /* Resources */,
			);
			buildRules = (
			);
			dependencies = (
			);
			name = "mochilla-hackathon";
			productName = "mochilla-hackathon";
			productReference = 6174F5B22BB5E9A7005EB752 /* mochilla-hackathon.app */;
			productType = "com.apple.product-type.application";
		};
		6174F5C12BB5E9AA005EB752 /* mochilla-hackathonTests */ = {
			isa = PBXNativeTarget;
			buildConfigurationList = 6174F5D92BB5E9AA005EB752 /* Build configuration list for PBXNativeTarget "mochilla-hackathonTests" */;
			buildPhases = (
				6174F5BE2BB5E9AA005EB752 /* Sources */,
				6174F5BF2BB5E9AA005EB752 /* Frameworks */,
				6174F5C02BB5E9AA005EB752 /* Resources */,
			);
			buildRules = (
			);
			dependencies = (
				6174F5C42BB5E9AA005EB752 /* PBXTargetDependency */,
			);
			name = "mochilla-hackathonTests";
			productName = "mochilla-hackathonTests";
			productReference = 6174F5C22BB5E9AA005EB752 /* mochilla-hackathonTests.xctest */;
			productType = "com.apple.product-type.bundle.unit-test";
		};
		6174F5CB2BB5E9AA005EB752 /* mochilla-hackathonUITests */ = {
			isa = PBXNativeTarget;
			buildConfigurationList = 6174F5DC2BB5E9AA005EB752 /* Build configuration list for PBXNativeTarget "mochilla-hackathonUITests" */;
			buildPhases = (
				6174F5C82BB5E9AA005EB752 /* Sources */,
				6174F5C92BB5E9AA005EB752 /* Frameworks */,
				6174F5CA2BB5E9AA005EB752 /* Resources */,
			);
			buildRules = (
			);
			dependencies = (
				6174F5CE2BB5E9AA005EB752 /* PBXTargetDependency */,
			);
			name = "mochilla-hackathonUITests";
			productName = "mochilla-hackathonUITests";
			productReference = 6174F5CC2BB5E9AA005EB752 /* mochilla-hackathonUITests.xctest */;
			productType = "com.apple.product-type.bundle.ui-testing";
		};
/* End PBXNativeTarget section */

/* Begin PBXProject section */
		6174F5AA2BB5E9A7005EB752 /* Project object */ = {
			isa = PBXProject;
			attributes = {
				BuildIndependentTargetsInParallel = 1;
				LastSwiftUpdateCheck = 1420;
				LastUpgradeCheck = 1420;
				TargetAttributes = {
					6174F5B12BB5E9A7005EB752 = {
						CreatedOnToolsVersion = 14.2;
					};
					6174F5C12BB5E9AA005EB752 = {
						CreatedOnToolsVersion = 14.2;
						TestTargetID = 6174F5B12BB5E9A7005EB752;
					};
					6174F5CB2BB5E9AA005EB752 = {
						CreatedOnToolsVersion = 14.2;
						TestTargetID = 6174F5B12BB5E9A7005EB752;
					};
				};
			};
			buildConfigurationList = 6174F5AD2BB5E9A7005EB752 /* Build configuration list for PBXProject "mochilla-hackathon" */;
			compatibilityVersion = "Xcode 14.0";
			developmentRegion = en;
			hasScannedForEncodings = 0;
			knownRegions = (
				en,
				Base,
			);
			mainGroup = 6174F5A92BB5E9A7005EB752;
			productRefGroup = 6174F5B32BB5E9A7005EB752 /* Products */;
			projectDirPath = "";
			projectRoot = "";
			targets = (
				6174F5B12BB5E9A7005EB752 /* mochilla-hackathon */,
				6174F5C12BB5E9AA005EB752 /* mochilla-hackathonTests */,
				6174F5CB2BB5E9AA005EB752 /* mochilla-hackathonUITests */,
			);
		};
/* End PBXProject section */

/* Begin PBXResourcesBuildPhase section */
		6174F5B02BB5E9A7005EB752 /* Resources */ = {
			isa = PBXResourcesBuildPhase;
			buildActionMask = 2147483647;
			files = (
				6174F5BD2BB5E9AA005EB752 /* Preview Assets.xcassets in Resources */,
				6174F5BA2BB5E9AA005EB752 /* Assets.xcassets in Resources */,
			);
			runOnlyForDeploymentPostprocessing = 0;
		};
		6174F5C02BB5E9AA005EB752 /* Resources */ = {
			isa = PBXResourcesBuildPhase;
			buildActionMask = 2147483647;
			files = (
			);
			runOnlyForDeploymentPostprocessing = 0;
		};
		6174F5CA2BB5E9AA005EB752 /* Resources */ = {
			isa = PBXResourcesBuildPhase;
			buildActionMask = 2147483647;
			files = (
			);
			runOnlyForDeploymentPostprocessing = 0;
		};
/* End PBXResourcesBuildPhase section */

/* Begin PBXSourcesBuildPhase section */
		6174F5AE2BB5E9A7005EB752 /* Sources */ = {
			isa = PBXSourcesBuildPhase;
			buildActionMask = 2147483647;
			files = (
				6174F5B82BB5E9A7005EB752 /* ContentView.swift in Sources */,
				6174F5B62BB5E9A7005EB752 /* mochilla_hackathonApp.swift in Sources */,
			);
			runOnlyForDeploymentPostprocessing = 0;
		};
		6174F5BE2BB5E9AA005EB752 /* Sources */ = {
			isa = PBXSourcesBuildPhase;
			buildActionMask = 2147483647;
			files = (
				6174F5C72BB5E9AA005EB752 /* mochilla_hackathonTests.swift in Sources */,
			);
			runOnlyForDeploymentPostprocessing = 0;
		};
		6174F5C82BB5E9AA005EB752 /* Sources */ = {
			isa = PBXSourcesBuildPhase;
			buildActionMask = 2147483647;
			files = (
				6174F5D12BB5E9AA005EB752 /* mochilla_hackathonUITests.swift in Sources */,
				6174F5D32BB5E9AA005EB752 /* mochilla_hackathonUITestsLaunchTests.swift in Sources */,
			);
			runOnlyForDeploymentPostprocessing = 0;
		};
/* End PBXSourcesBuildPhase section */

/* Begin PBXTargetDependency section */
		6174F5C42BB5E9AA005EB752 /* PBXTargetDependency */ = {
			isa = PBXTargetDependency;
			target = 6174F5B12BB5E9A7005EB752 /* mochilla-hackathon */;
			targetProxy = 6174F5C32BB5E9AA005EB752 /* PBXContainerItemProxy */;
		};
		6174F5CE2BB5E9AA005EB752 /* PBXTargetDependency */ = {
			isa = PBXTargetDependency;
			target = 6174F5B12BB5E9A7005EB752 /* mochilla-hackathon */;
			targetProxy = 6174F5CD2BB5E9AA005EB752 /* PBXContainerItemProxy */;
		};
/* End PBXTargetDependency section */

/* Begin XCBuildConfiguration section */
		6174F5D42BB5E9AA005EB752 /* Debug */ = {
			isa = XCBuildConfiguration;
			buildSettings = {
				ALWAYS_SEARCH_USER_PATHS = NO;
				CLANG_ANALYZER_NONNULL = YES;
				CLANG_ANALYZER_NUMBER_OBJECT_CONVERSION = YES_AGGRESSIVE;
				CLANG_CXX_LANGUAGE_STANDARD = "gnu++20";
				CLANG_ENABLE_MODULES = YES;
				CLANG_ENABLE_OBJC_ARC = YES;
				CLANG_ENABLE_OBJC_WEAK = YES;
				CLANG_WARN_BLOCK_CAPTURE_AUTORELEASING = YES;
				CLANG_WARN_BOOL_CONVERSION = YES;
				CLANG_WARN_COMMA = YES;
				CLANG_WARN_CONSTANT_CONVERSION = YES;
				CLANG_WARN_DEPRECATED_OBJC_IMPLEMENTATIONS = YES;
				CLANG_WARN_DIRECT_OBJC_ISA_USAGE = YES_ERROR;
				CLANG_WARN_DOCUMENTATION_COMMENTS = YES;
				CLANG_WARN_EMPTY_BODY = YES;
				CLANG_WARN_ENUM_CONVERSION = YES;
				CLANG_WARN_INFINITE_RECURSION = YES;
				CLANG_WARN_INT_CONVERSION = YES;
				CLANG_WARN_NON_LITERAL_NULL_CONVERSION = YES;
				CLANG_WARN_OBJC_IMPLICIT_RETAIN_SELF = YES;
				CLANG_WARN_OBJC_LITERAL_CONVERSION = YES;
				CLANG_WARN_OBJC_ROOT_CLASS = YES_ERROR;
				CLANG_WARN_QUOTED_INCLUDE_IN_FRAMEWORK_HEADER = YES;
				CLANG_WARN_RANGE_LOOP_ANALYSIS = YES;
				CLANG_WARN_STRICT_PROTOTYPES = YES;
				CLANG_WARN_SUSPICIOUS_MOVE = YES;
				CLANG_WARN_UNGUARDED_AVAILABILITY = YES_AGGRESSIVE;
				CLANG_WARN_UNREACHABLE_CODE = YES;
				CLANG_WARN__DUPLICATE_METHOD_MATCH = YES;
				COPY_PHASE_STRIP = NO;
				DEBUG_INFORMATION_FORMAT = dwarf;
				ENABLE_STRICT_OBJC_MSGSEND = YES;
				ENABLE_TESTABILITY = YES;
				GCC_C_LANGUAGE_STANDARD = gnu11;
				GCC_DYNAMIC_NO_PIC = NO;
				GCC_NO_COMMON_BLOCKS = YES;
				GCC_OPTIMIZATION_LEVEL = 0;
				GCC_PREPROCESSOR_DEFINITIONS = (
					"DEBUG=1",
					"$(inherited)",
				);
				GCC_WARN_64_TO_32_BIT_CONVERSION = YES;
				GCC_WARN_ABOUT_RETURN_TYPE = YES_ERROR;
				GCC_WARN_UNDECLARED_SELECTOR = YES;
				GCC_WARN_UNINITIALIZED_AUTOS = YES_AGGRESSIVE;
				GCC_WARN_UNUSED_FUNCTION = YES;
				GCC_WARN_UNUSED_VARIABLE = YES;
				IPHONEOS_DEPLOYMENT_TARGET = 16.2;
				MTL_ENABLE_DEBUG_INFO = INCLUDE_SOURCE;
				MTL_FAST_MATH = YES;
				ONLY_ACTIVE_ARCH = YES;
				SDKROOT = iphoneos;
				SWIFT_ACTIVE_COMPILATION_CONDITIONS = DEBUG;
				SWIFT_OPTIMIZATION_LEVEL = "-Onone";
			};
			name = Debug;
		};
		6174F5D52BB5E9AA005EB752 /* Release */ = {
			isa = XCBuildConfiguration;
			buildSettings = {
				ALWAYS_SEARCH_USER_PATHS = NO;
				CLANG_ANALYZER_NONNULL = YES;
				CLANG_ANALYZER_NUMBER_OBJECT_CONVERSION = YES_AGGRESSIVE;
				CLANG_CXX_LANGUAGE_STANDARD = "gnu++20";
				CLANG_ENABLE_MODULES = YES;
				CLANG_ENABLE_OBJC_ARC = YES;
				CLANG_ENABLE_OBJC_WEAK = YES;
				CLANG_WARN_BLOCK_CAPTURE_AUTORELEASING = YES;
				CLANG_WARN_BOOL_CONVERSION = YES;
				CLANG_WARN_COMMA = YES;
				CLANG_WARN_CONSTANT_CONVERSION = YES;
				CLANG_WARN_DEPRECATED_OBJC_IMPLEMENTATIONS = YES;
				CLANG_WARN_DIRECT_OBJC_ISA_USAGE = YES_ERROR;
				CLANG_WARN_DOCUMENTATION_COMMENTS = YES;
				CLANG_WARN_EMPTY_BODY = YES;
				CLANG_WARN_ENUM_CONVERSION = YES;
				CLANG_WARN_INFINITE_RECURSION = YES;
				CLANG_WARN_INT_CONVERSION = YES;
				CLANG_WARN_NON_LITERAL_NULL_CONVERSION = YES;
				CLANG_WARN_OBJC_IMPLICIT_RETAIN_SELF = YES;
				CLANG_WARN_OBJC_LITERAL_CONVERSION = YES;
				CLANG_WARN_OBJC_ROOT_CLASS = YES_ERROR;
				CLANG_WARN_QUOTED_INCLUDE_IN_FRAMEWORK_HEADER = YES;
				CLANG_WARN_RANGE_LOOP_ANALYSIS = YES;
				CLANG_WARN_STRICT_PROTOTYPES = YES;
				CLANG_WARN_SUSPICIOUS_MOVE = YES;
				CLANG_WARN_UNGUARDED_AVAILABILITY = YES_AGGRESSIVE;
				CLANG_WARN_UNREACHABLE_CODE = YES;
				CLANG_WARN__DUPLICATE_METHOD_MATCH = YES;
				COPY_PHASE_STRIP = NO;
				DEBUG_INFORMATION_FORMAT = "dwarf-with-dsym";
				ENABLE_NS_ASSERTIONS = NO;
				ENABLE_STRICT_OBJC_MSGSEND = YES;
				GCC_C_LANGUAGE_STANDARD = gnu11;
				GCC_NO_COMMON_BLOCKS = YES;
				GCC_WARN_64_TO_32_BIT_CONVERSION = YES;
				GCC_WARN_ABOUT_RETURN_TYPE = YES_ERROR;
				GCC_WARN_UNDECLARED_SELECTOR = YES;
				GCC_WARN_UNINITIALIZED_AUTOS = YES_AGGRESSIVE;
				GCC_WARN_UNUSED_FUNCTION = YES;
				GCC_WARN_UNUSED_VARIABLE = YES;
				IPHONEOS_DEPLOYMENT_TARGET = 16.2;
				MTL_ENABLE_DEBUG_INFO = NO;
				MTL_FAST_MATH = YES;
				SDKROOT = iphoneos;
				SWIFT_COMPILATION_MODE = wholemodule;
				SWIFT_OPTIMIZATION_LEVEL = "-O";
				VALIDATE_PRODUCT = YES;
			};
			name = Release;
		};
		6174F5D72BB5E9AA005EB752 /* Debug */ = {
			isa = XCBuildConfiguration;
			buildSettings = {
				ASSETCATALOG_COMPILER_APPICON_NAME = AppIcon;
				ASSETCATALOG_COMPILER_GLOBAL_ACCENT_COLOR_NAME = AccentColor;
				CODE_SIGN_STYLE = Automatic;
				CURRENT_PROJECT_VERSION = 1;
				DEVELOPMENT_ASSET_PATHS = "\"mochilla-hackathon/Preview Content\"";
				ENABLE_PREVIEWS = YES;
				GENERATE_INFOPLIST_FILE = YES;
				INFOPLIST_KEY_UIApplicationSceneManifest_Generation = YES;
				INFOPLIST_KEY_UIApplicationSupportsIndirectInputEvents = YES;
				INFOPLIST_KEY_UILaunchScreen_Generation = YES;
				INFOPLIST_KEY_UISupportedInterfaceOrientations_iPad = "UIInterfaceOrientationPortrait UIInterfaceOrientationPortraitUpsideDown UIInterfaceOrientationLandscapeLeft UIInterfaceOrientationLandscapeRight";
				INFOPLIST_KEY_UISupportedInterfaceOrientations_iPhone = "UIInterfaceOrientationPortrait UIInterfaceOrientationLandscapeLeft UIInterfaceOrientationLandscapeRight";
				LD_RUNPATH_SEARCH_PATHS = (
					"$(inherited)",
					"@executable_path/Frameworks",
				);
				MARKETING_VERSION = 1.0;
				PRODUCT_BUNDLE_IDENTIFIER = "edu.duke.tee9.mochilla-hackathon";
				PRODUCT_NAME = "$(TARGET_NAME)";
				SWIFT_EMIT_LOC_STRINGS = YES;
				SWIFT_VERSION = 5.0;
				TARGETED_DEVICE_FAMILY = "1,2";
			};
			name = Debug;
		};
		6174F5D82BB5E9AA005EB752 /* Release */ = {
			isa = XCBuildConfiguration;
			buildSettings = {
				ASSETCATALOG_COMPILER_APPICON_NAME = AppIcon;
				ASSETCATALOG_COMPILER_GLOBAL_ACCENT_COLOR_NAME = AccentColor;
				CODE_SIGN_STYLE = Automatic;
				CURRENT_PROJECT_VERSION = 1;
				DEVELOPMENT_ASSET_PATHS = "\"mochilla-hackathon/Preview Content\"";
				ENABLE_PREVIEWS = YES;
				GENERATE_INFOPLIST_FILE = YES;
				INFOPLIST_KEY_UIApplicationSceneManifest_Generation = YES;
				INFOPLIST_KEY_UIApplicationSupportsIndirectInputEvents = YES;
				INFOPLIST_KEY_UILaunchScreen_Generation = YES;
				INFOPLIST_KEY_UISupportedInterfaceOrientations_iPad = "UIInterfaceOrientationPortrait UIInterfaceOrientationPortraitUpsideDown UIInterfaceOrientationLandscapeLeft UIInterfaceOrientationLandscapeRight";
				INFOPLIST_KEY_UISupportedInterfaceOrientations_iPhone = "UIInterfaceOrientationPortrait UIInterfaceOrientationLandscapeLeft UIInterfaceOrientationLandscapeRight";
				LD_RUNPATH_SEARCH_PATHS = (
					"$(inherited)",
					"@executable_path/Frameworks",
				);
				MARKETING_VERSION = 1.0;
				PRODUCT_BUNDLE_IDENTIFIER = "edu.duke.tee9.mochilla-hackathon";
				PRODUCT_NAME = "$(TARGET_NAME)";
				SWIFT_EMIT_LOC_STRINGS = YES;
				SWIFT_VERSION = 5.0;
				TARGETED_DEVICE_FAMILY = "1,2";
			};
			name = Release;
		};
		6174F5DA2BB5E9AA005EB752 /* Debug */ = {
			isa = XCBuildConfiguration;
			buildSettings = {
				ALWAYS_EMBED_SWIFT_STANDARD_LIBRARIES = YES;
				BUNDLE_LOADER = "$(TEST_HOST)";
				CODE_SIGN_STYLE = Automatic;
				CURRENT_PROJECT_VERSION = 1;
				GENERATE_INFOPLIST_FILE = YES;
				IPHONEOS_DEPLOYMENT_TARGET = 16.2;
				MARKETING_VERSION = 1.0;
				PRODUCT_BUNDLE_IDENTIFIER = "edu.duke.tee9.mochilla-hackathonTests";
				PRODUCT_NAME = "$(TARGET_NAME)";
				SWIFT_EMIT_LOC_STRINGS = NO;
				SWIFT_VERSION = 5.0;
				TARGETED_DEVICE_FAMILY = "1,2";
				TEST_HOST = "$(BUILT_PRODUCTS_DIR)/mochilla-hackathon.app/$(BUNDLE_EXECUTABLE_FOLDER_PATH)/mochilla-hackathon";
			};
			name = Debug;
		};
		6174F5DB2BB5E9AA005EB752 /* Release */ = {
			isa = XCBuildConfiguration;
			buildSettings = {
				ALWAYS_EMBED_SWIFT_STANDARD_LIBRARIES = YES;
				BUNDLE_LOADER = "$(TEST_HOST)";
				CODE_SIGN_STYLE = Automatic;
				CURRENT_PROJECT_VERSION = 1;
				GENERATE_INFOPLIST_FILE = YES;
				IPHONEOS_DEPLOYMENT_TARGET = 16.2;
				MARKETING_VERSION = 1.0;
				PRODUCT_BUNDLE_IDENTIFIER = "edu.duke.tee9.mochilla-hackathonTests";
				PRODUCT_NAME = "$(TARGET_NAME)";
				SWIFT_EMIT_LOC_STRINGS = NO;
				SWIFT_VERSION = 5.0;
				TARGETED_DEVICE_FAMILY = "1,2";
				TEST_HOST = "$(BUILT_PRODUCTS_DIR)/mochilla-hackathon.app/$(BUNDLE_EXECUTABLE_FOLDER_PATH)/mochilla-hackathon";
			};
			name = Release;
		};
		6174F5DD2BB5E9AA005EB752 /* Debug */ = {
			isa = XCBuildConfiguration;
			buildSettings = {
				ALWAYS_EMBED_SWIFT_STANDARD_LIBRARIES = YES;
				CODE_SIGN_STYLE = Automatic;
				CURRENT_PROJECT_VERSION = 1;
				GENERATE_INFOPLIST_FILE = YES;
				MARKETING_VERSION = 1.0;
				PRODUCT_BUNDLE_IDENTIFIER = "edu.duke.tee9.mochilla-hackathonUITests";
				PRODUCT_NAME = "$(TARGET_NAME)";
				SWIFT_EMIT_LOC_STRINGS = NO;
				SWIFT_VERSION = 5.0;
				TARGETED_DEVICE_FAMILY = "1,2";
				TEST_TARGET_NAME = "mochilla-hackathon";
			};
			name = Debug;
		};
		6174F5DE2BB5E9AA005EB752 /* Release */ = {
			isa = XCBuildConfiguration;
			buildSettings = {
				ALWAYS_EMBED_SWIFT_STANDARD_LIBRARIES = YES;
				CODE_SIGN_STYLE = Automatic;
				CURRENT_PROJECT_VERSION = 1;
				GENERATE_INFOPLIST_FILE = YES;
				MARKETING_VERSION = 1.0;
				PRODUCT_BUNDLE_IDENTIFIER = "edu.duke.tee9.mochilla-hackathonUITests";
				PRODUCT_NAME = "$(TARGET_NAME)";
				SWIFT_EMIT_LOC_STRINGS = NO;
				SWIFT_VERSION = 5.0;
				TARGETED_DEVICE_FAMILY = "1,2";
				TEST_TARGET_NAME = "mochilla-hackathon";
			};
			name = Release;
		};
/* End XCBuildConfiguration section */

/* Begin XCConfigurationList section */
		6174F5AD2BB5E9A7005EB752 /* Build configuration list for PBXProject "mochilla-hackathon" */ = {
			isa = XCConfigurationList;
			buildConfigurations = (
				6174F5D42BB5E9AA005EB752 /* Debug */,
				6174F5D52BB5E9AA005EB752 /* Release */,
			);
			defaultConfigurationIsVisible = 0;
			defaultConfigurationName = Release;
		};
		6174F5D62BB5E9AA005EB752 /* Build configuration list for PBXNativeTarget "mochilla-hackathon" */ = {
			isa = XCConfigurationList;
			buildConfigurations = (
				6174F5D72BB5E9AA005EB752 /* Debug */,
				6174F5D82BB5E9AA005EB752 /* Release */,
			);
			defaultConfigurationIsVisible = 0;
			defaultConfigurationName = Release;
		};
		6174F5D92BB5E9AA005EB752 /* Build configuration list for PBXNativeTarget "mochilla-hackathonTests" */ = {
			isa = XCConfigurationList;
			buildConfigurations = (
				6174F5DA2BB5E9AA005EB752 /* Debug */,
				6174F5DB2BB5E9AA005EB752 /* Release */,
			);
			defaultConfigurationIsVisible = 0;
			defaultConfigurationName = Release;
		};
		6174F5DC2BB5E9AA005EB752 /* Build configuration list for PBXNativeTarget "mochilla-hackathonUITests" */ = {
			isa = XCConfigurationList;
			buildConfigurations = (
				6174F5DD2BB5E9AA005EB752 /* Debug */,
				6174F5DE2BB5E9AA005EB752 /* Release */,
			);
			defaultConfigurationIsVisible = 0;
			defaultConfigurationName = Release;
		};
/* End XCConfigurationList section */
	};
	rootObject = 6174F5AA2BB5E9A7005EB752 /* Project object */;
}
